<?xml version="1.0" encoding="utf-8"?>
<Project ToolsVersion="4.0" xmlns="http://schemas.microsoft.com/developer/msbuild/2003">
  <ItemGroup>
    <Filter Include="소스 파일">
      <UniqueIdentifier>{4FC737F1-C7A5-4376-A066-2A32D752A2FF}</UniqueIdentifier>
      <Extensions>cpp;c;cc;cxx;def;odl;idl;hpj;bat;asm;asmx</Extensions>
    </Filter>
    <Filter Include="헤더 파일">
      <UniqueIdentifier>{93995380-89BD-4b04-88EB-625FBE52EBFB}</UniqueIdentifier>
      <Extensions>h;hh;hpp;hxx;hm;inl;inc;xsd</Extensions>
    </Filter>
    <Filter Include="리소스 파일">
      <UniqueIdentifier>{67DA6AB6-F800-4c08-8B7A-83BB121AAD01}</UniqueIdentifier>
      <Extensions>rc;ico;cur;bmp;dlg;rc2;rct;bin;rgs;gif;jpg;jpeg;jpe;resx;tiff;tif;png;wav;mfcribbon-ms</Extensions>
    </Filter>
  </ItemGroup>
  <ItemGroup>
    <ClInclude Include="MOBPath.h">
      <Filter>헤더 파일</Filter>
    </ClInclude>
    <ClInclude Include="MOBLogger.h">
      <Filter>헤더 파일</Filter>
    </ClInclude>
    <ClInclude Include="MOBLayer.h">
      <Filter>헤더 파일</Filter>
    </ClInclude>
    <ClInclude Include="MOBDefs.h">
      <Filter>헤더 파일</Filter>
    </ClInclude>
    <ClInclude Include="MOBSocket.h">
      <Filter>헤더 파일</Filter>
    </ClInclude>
    <ClInclude Include="MOBList.h">
      <Filter>헤더 파일</Filter>
    </ClInclude>
    <ClInclude Include="MOBThread.h">
      <Filter>헤더 파일</Filter>
    </ClInclude>
    <ClInclude Include="MOBPlatform.h">
      <Filter>헤더 파일</Filter>
    </ClInclude>
    <ClInclude Include="MOBMessageBlock.h">
      <Filter>헤더 파일</Filter>
    </ClInclude>
    <ClInclude Include="MOBClass.h">
      <Filter>헤더 파일</Filter>
    </ClInclude>
    <ClInclude Include="MOBFile.h">
      <Filter>헤더 파일</Filter>
    </ClInclude>
    <ClInclude Include="MOBConsole.h">
      <Filter>헤더 파일</Filter>
    </ClInclude>
    <ClInclude Include="MOBTime.h">
      <Filter>헤더 파일</Filter>
    </ClInclude>
    <ClInclude Include="MOBMessageQueue.h">
      <Filter>헤더 파일</Filter>
    </ClInclude>
    <ClInclude Include="MOBCommon.h">
      <Filter>헤더 파일</Filter>
    </ClInclude>
  </ItemGroup>
  <ItemGroup>
    <ClCompile Include="MOBPath.cpp">
      <Filter>소스 파일</Filter>
    </ClCompile>
    <ClCompile Include="MOBLogger.cpp">
      <Filter>소스 파일</Filter>
    </ClCompile>
    <ClCompile Include="MOBSocket.cpp">
      <Filter>소스 파일</Filter>
    </ClCompile>
    <ClCompile Include="MOBList.cpp">
      <Filter>소스 파일</Filter>
    </ClCompile>
    <ClCompile Include="MOBThread.cpp">
      <Filter>소스 파일</Filter>
    </ClCompile>
    <ClCompile Include="MOBPlatform.cpp">
      <Filter>소스 파일</Filter>
    </ClCompile>
    <ClCompile Include="MOBMessageBlock.cpp">
      <Filter>소스 파일</Filter>
    </ClCompile>
    <ClCompile Include="MOBClass.cpp">
      <Filter>소스 파일</Filter>
    </ClCompile>
    <ClCompile Include="MOBFile.cpp">
      <Filter>소스 파일</Filter>
    </ClCompile>
    <ClCompile Include="MOBConsole.cpp">
      <Filter>소스 파일</Filter>
    </ClCompile>
    <ClCompile Include="MOBTime.cpp">
      <Filter>소스 파일</Filter>
    </ClCompile>
    <ClCompile Include="MOBMessageQueue.cpp">
      <Filter>소스 파일</Filter>
    </ClCompile>
  </ItemGroup>
</Project>